// !$*UTF8*$!
{
	archiveVersion = 1;
	classes = {
	};
	objectVersion = 46;
	objects = {

/* Begin PBXBuildFile section */
		996B3D721F2AE11C00A670ED /* AppDelegate.swift in Sources */ = {isa = PBXBuildFile; fileRef = 996B3D711F2AE11C00A670ED /* AppDelegate.swift */; };
		996B3D741F2AE11C00A670ED /* ViewController.swift in Sources */ = {isa = PBXBuildFile; fileRef = 996B3D731F2AE11C00A670ED /* ViewController.swift */; };
		996B3D771F2AE11C00A670ED /* Main.storyboard in Resources */ = {isa = PBXBuildFile; fileRef = 996B3D751F2AE11C00A670ED /* Main.storyboard */; };
		996B3D791F2AE11C00A670ED /* Assets.xcassets in Resources */ = {isa = PBXBuildFile; fileRef = 996B3D781F2AE11C00A670ED /* Assets.xcassets */; };
		996B3D7C1F2AE11C00A670ED /* LaunchScreen.storyboard in Resources */ = {isa = PBXBuildFile; fileRef = 996B3D7A1F2AE11C00A670ED /* LaunchScreen.storyboard */; };
		996B3D841F2AE27E00A670ED /* logo3.png in Resources */ = {isa = PBXBuildFile; fileRef = 996B3D831F2AE27E00A670ED /* logo3.png */; };
		996B3D8C1F2AF15D00A670ED /* backG.png in Resources */ = {isa = PBXBuildFile; fileRef = 996B3D8B1F2AF15D00A670ED /* backG.png */; };
		996B3D901F2AF36700A670ED /* ic_exit_to_app_2x.png in Resources */ = {isa = PBXBuildFile; fileRef = 996B3D8D1F2AF36700A670ED /* ic_exit_to_app_2x.png */; };
		996B3D911F2AF36700A670ED /* ic_exit_to_app_3x.png in Resources */ = {isa = PBXBuildFile; fileRef = 996B3D8E1F2AF36700A670ED /* ic_exit_to_app_3x.png */; };
		996B3D921F2AF36700A670ED /* ic_exit_to_app.png in Resources */ = {isa = PBXBuildFile; fileRef = 996B3D8F1F2AF36700A670ED /* ic_exit_to_app.png */; };
		996B3D961F2AF46C00A670ED /* ic_group_add_2x.png in Resources */ = {isa = PBXBuildFile; fileRef = 996B3D931F2AF46C00A670ED /* ic_group_add_2x.png */; };
		996B3D971F2AF46C00A670ED /* ic_group_add_3x.png in Resources */ = {isa = PBXBuildFile; fileRef = 996B3D941F2AF46C00A670ED /* ic_group_add_3x.png */; };
		996B3D981F2AF46C00A670ED /* ic_group_add.png in Resources */ = {isa = PBXBuildFile; fileRef = 996B3D951F2AF46C00A670ED /* ic_group_add.png */; };
		996B3D9A1F2AF57600A670ED /* SingUpViewController.swift in Sources */ = {isa = PBXBuildFile; fileRef = 996B3D991F2AF57600A670ED /* SingUpViewController.swift */; };
/* End PBXBuildFile section */

/* Begin PBXFileReference section */
		996B3D6E1F2AE11C00A670ED /* PKRU Servie.app */ = {isa = PBXFileReference; explicitFileType = wrapper.application; includeInIndex = 0; path = "PKRU Servie.app"; sourceTree = BUILT_PRODUCTS_DIR; };
		996B3D711F2AE11C00A670ED /* AppDelegate.swift */ = {isa = PBXFileReference; lastKnownFileType = sourcecode.swift; path = AppDelegate.swift; sourceTree = "<group>"; };
		996B3D731F2AE11C00A670ED /* ViewController.swift */ = {isa = PBXFileReference; lastKnownFileType = sourcecode.swift; path = ViewController.swift; sourceTree = "<group>"; };
		996B3D761F2AE11C00A670ED /* Base */ = {isa = PBXFileReference; lastKnownFileType = file.storyboard; name = Base; path = Base.lproj/Main.storyboard; sourceTree = "<group>"; };
		996B3D781F2AE11C00A670ED /* Assets.xcassets */ = {isa = PBXFileReference; lastKnownFileType = folder.assetcatalog; path = Assets.xcassets; sourceTree = "<group>"; };
		996B3D7B1F2AE11C00A670ED /* Base */ = {isa = PBXFileReference; lastKnownFileType = file.storyboard; name = Base; path = Base.lproj/LaunchScreen.storyboard; sourceTree = "<group>"; };
		996B3D7D1F2AE11C00A670ED /* Info.plist */ = {isa = PBXFileReference; lastKnownFileType = text.plist.xml; path = Info.plist; sourceTree = "<group>"; };
		996B3D831F2AE27E00A670ED /* logo3.png */ = {isa = PBXFileReference; lastKnownFileType = image.png; name = logo3.png; path = ../../../Desktop/Images/logo3.png; sourceTree = "<group>"; };
		996B3D8B1F2AF15D00A670ED /* backG.png */ = {isa = PBXFileReference; lastKnownFileType = image.png; name = backG.png; path = ../../../Desktop/Images/backG.png; sourceTree = "<group>"; };
		996B3D8D1F2AF36700A670ED /* ic_exit_to_app_2x.png */ = {isa = PBXFileReference; lastKnownFileType = image.png; name = ic_exit_to_app_2x.png; path = ../../../Desktop/Images/ic_exit_to_app_black_24dp/ios/ic_exit_to_app.imageset/ic_exit_to_app_2x.png; sourceTree = "<group>"; };
		996B3D8E1F2AF36700A670ED /* ic_exit_to_app_3x.png */ = {isa = PBXFileReference; lastKnownFileType = image.png; name = ic_exit_to_app_3x.png; path = ../../../Desktop/Images/ic_exit_to_app_black_24dp/ios/ic_exit_to_app.imageset/ic_exit_to_app_3x.png; sourceTree = "<group>"; };
		996B3D8F1F2AF36700A670ED /* ic_exit_to_app.png */ = {isa = PBXFileReference; lastKnownFileType = image.png; name = ic_exit_to_app.png; path = ../../../Desktop/Images/ic_exit_to_app_black_24dp/ios/ic_exit_to_app.imageset/ic_exit_to_app.png; sourceTree = "<group>"; };
		996B3D931F2AF46C00A670ED /* ic_group_add_2x.png */ = {isa = PBXFileReference; lastKnownFileType = image.png; name = ic_group_add_2x.png; path = ../../../Desktop/Images/ic_group_add_black_24dp/ios/ic_group_add.imageset/ic_group_add_2x.png; sourceTree = "<group>"; };
		996B3D941F2AF46C00A670ED /* ic_group_add_3x.png */ = {isa = PBXFileReference; lastKnownFileType = image.png; name = ic_group_add_3x.png; path = ../../../Desktop/Images/ic_group_add_black_24dp/ios/ic_group_add.imageset/ic_group_add_3x.png; sourceTree = "<group>"; };
		996B3D951F2AF46C00A670ED /* ic_group_add.png */ = {isa = PBXFileReference; lastKnownFileType = image.png; name = ic_group_add.png; path = ../../../Desktop/Images/ic_group_add_black_24dp/ios/ic_group_add.imageset/ic_group_add.png; sourceTree = "<group>"; };
		996B3D991F2AF57600A670ED /* SingUpViewController.swift */ = {isa = PBXFileReference; fileEncoding = 4; lastKnownFileType = sourcecode.swift; path = SingUpViewController.swift; sourceTree = "<group>"; };
/* End PBXFileReference section */

/* Begin PBXFrameworksBuildPhase section */
		996B3D6B1F2AE11C00A670ED /* Frameworks */ = {
			isa = PBXFrameworksBuildPhase;
			buildActionMask = 2147483647;
			files = (
			);
			runOnlyForDeploymentPostprocessing = 0;
		};
/* End PBXFrameworksBuildPhase section */

/* Begin PBXGroup section */
		996B3D651F2AE11C00A670ED = {
			isa = PBXGroup;
			children = (
				996B3D991F2AF57600A670ED /* SingUpViewController.swift */,
				996B3D701F2AE11C00A670ED /* PKRU Servie */,
				996B3D6F1F2AE11C00A670ED /* Products */,
			);
			sourceTree = "<group>";
		};
		996B3D6F1F2AE11C00A670ED /* Products */ = {
			isa = PBXGroup;
			children = (
				996B3D6E1F2AE11C00A670ED /* PKRU Servie.app */,
			);
			name = Products;
			sourceTree = "<group>";
		};
		996B3D701F2AE11C00A670ED /* PKRU Servie */ = {
			isa = PBXGroup;
			children = (
				996B3D711F2AE11C00A670ED /* AppDelegate.swift */,
				996B3D731F2AE11C00A670ED /* ViewController.swift */,
				996B3D751F2AE11C00A670ED /* Main.storyboard */,
				996B3D781F2AE11C00A670ED /* Assets.xcassets */,
				996B3D7A1F2AE11C00A670ED /* LaunchScreen.storyboard */,
				996B3D7D1F2AE11C00A670ED /* Info.plist */,
				996B3D831F2AE27E00A670ED /* logo3.png */,
				996B3D8B1F2AF15D00A670ED /* backG.png */,
				996B3D8D1F2AF36700A670ED /* ic_exit_to_app_2x.png */,
				996B3D8E1F2AF36700A670ED /* ic_exit_to_app_3x.png */,
				996B3D8F1F2AF36700A670ED /* ic_exit_to_app.png */,
				996B3D931F2AF46C00A670ED /* ic_group_add_2x.png */,
				996B3D941F2AF46C00A670ED /* ic_group_add_3x.png */,
				996B3D951F2AF46C00A670ED /* ic_group_add.png */,
			);
			path = "PKRU Servie";
			sourceTree = "<group>";
		};
/* End PBXGroup section */

/* Begin PBXNativeTarget section */
		996B3D6D1F2AE11C00A670ED /* PKRU Servie */ = {
			isa = PBXNativeTarget;
			buildConfigurationList = 996B3D801F2AE11C00A670ED /* Build configuration list for PBXNativeTarget "PKRU Servie" */;
			buildPhases = (
				996B3D6A1F2AE11C00A670ED /* Sources */,
				996B3D6B1F2AE11C00A670ED /* Frameworks */,
				996B3D6C1F2AE11C00A670ED /* Resources */,
			);
			buildRules = (
			);
			dependencies = (
			);
			name = "PKRU Servie";
			productName = "PKRU Servie";
			productReference = 996B3D6E1F2AE11C00A670ED /* PKRU Servie.app */;
			productType = "com.apple.product-type.application";
		};
/* End PBXNativeTarget section */

/* Begin PBXProject section */
		996B3D661F2AE11C00A670ED /* Project object */ = {
			isa = PBXProject;
			attributes = {
				LastSwiftUpdateCheck = 0830;
				LastUpgradeCheck = 0830;
				ORGANIZATIONNAME = MasterTema;
				TargetAttributes = {
					996B3D6D1F2AE11C00A670ED = {
						CreatedOnToolsVersion = 8.3.3;
						ProvisioningStyle = Automatic;
					};
				};
			};
			buildConfigurationList = 996B3D691F2AE11C00A670ED /* Build configuration list for PBXProject "PKRU Servie" */;
			compatibilityVersion = "Xcode 3.2";
			developmentRegion = English;
			hasScannedForEncodings = 0;
			knownRegions = (
				en,
				Base,
			);
			mainGroup = 996B3D651F2AE11C00A670ED;
			productRefGroup = 996B3D6F1F2AE11C00A670ED /* Products */;
			projectDirPath = "";
			projectRoot = "";
			targets = (
				996B3D6D1F2AE11C00A670ED /* PKRU Servie */,
			);
		};
/* End PBXProject section */

/* Begin PBXResourcesBuildPhase section */
		996B3D6C1F2AE11C00A670ED /* Resources */ = {
			isa = PBXResourcesBuildPhase;
			buildActionMask = 2147483647;
			files = (
				996B3D8C1F2AF15D00A670ED /* backG.png in Resources */,
				996B3D841F2AE27E00A670ED /* logo3.png in Resources */,
				996B3D971F2AF46C00A670ED /* ic_group_add_3x.png in Resources */,
				996B3D911F2AF36700A670ED /* ic_exit_to_app_3x.png in Resources */,
				996B3D981F2AF46C00A670ED /* ic_group_add.png in Resources */,
				996B3D901F2AF36700A670ED /* ic_exit_to_app_2x.png in Resources */,
				996B3D921F2AF36700A670ED /* ic_exit_to_app.png in Resources */,
				996B3D7C1F2AE11C00A670ED /* LaunchScreen.storyboard in Resources */,
				996B3D791F2AE11C00A670ED /* Assets.xcassets in Resources */,
				996B3D771F2AE11C00A670ED /* Main.storyboard in Resources */,
				996B3D961F2AF46C00A670ED /* ic_group_add_2x.png in Resources */,
			);
			runOnlyForDeploymentPostprocessing = 0;
		};
/* End PBXResourcesBuildPhase section */

/* Begin PBXSourcesBuildPhase section */
		996B3D6A1F2AE11C00A670ED /* Sources */ = {
			isa = PBXSourcesBuildPhase;
			buildActionMask = 2147483647;
			files = (
				996B3D741F2AE11C00A670ED /* ViewController.swift in Sources */,
				996B3D9A1F2AF57600A670ED /* SingUpViewController.swift in Sources */,
				996B3D721F2AE11C00A670ED /* AppDelegate.swift in Sources */,
			);
			runOnlyForDeploymentPostprocessing = 0;
		};
/* End PBXSourcesBuildPhase section */

/* Begin PBXVariantGroup section */
		996B3D751F2AE11C00A670ED /* Main.storyboard */ = {
			isa = PBXVariantGroup;
			children = (
				996B3D761F2AE11C00A670ED /* Base */,
			);
			name = Main.storyboard;
			sourceTree = "<group>";
		};
		996B3D7A1F2AE11C00A670ED /* LaunchScreen.storyboard */ = {
			isa = PBXVariantGroup;
			children = (
				996B3D7B1F2AE11C00A670ED /* Base */,
			);
			name = LaunchScreen.storyboard;
			sourceTree = "<group>";
		};
/* End PBXVariantGroup section */

/* Begin XCBuildConfiguration section */
		996B3D7E1F2AE11C00A670ED /* Debug */ = {
			isa = XCBuildConfiguration;
			buildSettings = {
				ALWAYS_SEARCH_USER_PATHS = NO;
				CLANG_ANALYZER_NONNULL = YES;
				CLANG_ANALYZER_NUMBER_OBJECT_CONVERSION = YES_AGGRESSIVE;
				CLANG_CXX_LANGUAGE_STANDARD = "gnu++0x";
				CLANG_CXX_LIBRARY = "libc++";
				CLANG_ENABLE_MODULES = YES;
				CLANG_ENABLE_OBJC_ARC = YES;
				CLANG_WARN_BOOL_CONVERSION = YES;
				CLANG_WARN_CONSTANT_CONVERSION = YES;
				CLANG_WARN_DIRECT_OBJC_ISA_USAGE = YES_ERROR;
				CLANG_WARN_DOCUMENTATION_COMMENTS = YES;
				CLANG_WARN_EMPTY_BODY = YES;
				CLANG_WARN_ENUM_CONVERSION = YES;
				CLANG_WARN_INFINITE_RECURSION = YES;
				CLANG_WARN_INT_CONVERSION = YES;
				CLANG_WARN_OBJC_ROOT_CLASS = YES_ERROR;
				CLANG_WARN_SUSPICIOUS_MOVE = YES;
				CLANG_WARN_UNREACHABLE_CODE = YES;
				CLANG_WARN__DUPLICATE_METHOD_MATCH = YES;
				"CODE_SIGN_IDENTITY[sdk=iphoneos*]" = "iPhone Developer";
				COPY_PHASE_STRIP = NO;
				DEBUG_INFORMATION_FORMAT = dwarf;
				ENABLE_STRICT_OBJC_MSGSEND = YES;
				ENABLE_TESTABILITY = YES;
				GCC_C_LANGUAGE_STANDARD = gnu99;
				GCC_DYNAMIC_NO_PIC = NO;
				GCC_NO_COMMON_BLOCKS = YES;
				GCC_OPTIMIZATION_LEVEL = 0;
				GCC_PREPROCESSOR_DEFINITIONS = (
					"DEBUG=1",
					"$(inherited)",
				);
				GCC_WARN_64_TO_32_BIT_CONVERSION = YES;
				GCC_WARN_ABOUT_RETURN_TYPE = YES_ERROR;
				GCC_WARN_UNDECLARED_SELECTOR = YES;
				GCC_WARN_UNINITIALIZED_AUTOS = YES_AGGRESSIVE;
				GCC_WARN_UNUSED_FUNCTION = YES;
				GCC_WARN_UNUSED_VARIABLE = YES;
				IPHONEOS_DEPLOYMENT_TARGET = 10.3;
				MTL_ENABLE_DEBUG_INFO = YES;
				ONLY_ACTIVE_ARCH = YES;
				SDKROOT = iphoneos;
				SWIFT_ACTIVE_COMPILATION_CONDITIONS = DEBUG;
				SWIFT_OPTIMIZATION_LEVEL = "-Onone";
				TARGETED_DEVICE_FAMILY = "1,2";
			};
			name = Debug;
		};
		996B3D7F1F2AE11C00A670ED /* Release */ = {
			isa = XCBuildConfiguration;
			buildSettings = {
				ALWAYS_SEARCH_USER_PATHS = NO;
				CLANG_ANALYZER_NONNULL = YES;
				CLANG_ANALYZER_NUMBER_OBJECT_CONVERSION = YES_AGGRESSIVE;
				CLANG_CXX_LANGUAGE_STANDARD = "gnu++0x";
				CLANG_CXX_LIBRARY = "libc++";
				CLANG_ENABLE_MODULES = YES;
				CLANG_ENABLE_OBJC_ARC = YES;
				CLANG_WARN_BOOL_CONVERSION = YES;
				CLANG_WARN_CONSTANT_CONVERSION = YES;
				CLANG_WARN_DIRECT_OBJC_ISA_USAGE = YES_ERROR;
				CLANG_WARN_DOCUMENTATION_COMMENTS = YES;
				CLANG_WARN_EMPTY_BODY = YES;
				CLANG_WARN_ENUM_CONVERSION = YES;
				CLANG_WARN_INFINITE_RECURSION = YES;
				CLANG_WARN_INT_CONVERSION = YES;
				CLANG_WARN_OBJC_ROOT_CLASS = YES_ERROR;
				CLANG_WARN_SUSPICIOUS_MOVE = YES;
				CLANG_WARN_UNREACHABLE_CODE = YES;
				CLANG_WARN__DUPLICATE_METHOD_MATCH = YES;
				"CODE_SIGN_IDENTITY[sdk=iphoneos*]" = "iPhone Developer";
				COPY_PHASE_STRIP = NO;
				DEBUG_INFORMATION_FORMAT = "dwarf-with-dsym";
				ENABLE_NS_ASSERTIONS = NO;
				ENABLE_STRICT_OBJC_MSGSEND = YES;
				GCC_C_LANGUAGE_STANDARD = gnu99;
				GCC_NO_COMMON_BLOCKS = YES;
				GCC_WARN_64_TO_32_BIT_CONVERSION = YES;
				GCC_WARN_ABOUT_RETURN_TYPE = YES_ERROR;
				GCC_WARN_UNDECLARED_SELECTOR = YES;
				GCC_WARN_UNINITIALIZED_AUTOS = YES_AGGRESSIVE;
				GCC_WARN_UNUSED_FUNCTION = YES;
				GCC_WARN_UNUSED_VARIABLE = YES;
				IPHONEOS_DEPLOYMENT_TARGET = 10.3;
				MTL_ENABLE_DEBUG_INFO = NO;
				SDKROOT = iphoneos;
				SWIFT_OPTIMIZATION_LEVEL = "-Owholemodule";
				TARGETED_DEVICE_FAMILY = "1,2";
				VALIDATE_PRODUCT = YES;
			};
			name = Release;
		};
		996B3D811F2AE11C00A670ED /* Debug */ = {
			isa = XCBuildConfiguration;
			buildSettings = {
				ASSETCATALOG_COMPILER_APPICON_NAME = AppIcon;
				INFOPLIST_FILE = "PKRU Servie/Info.plist";
				LD_RUNPATH_SEARCH_PATHS = "$(inherited) @executable_path/Frameworks";
				PRODUCT_BUNDLE_IDENTIFIER = "app.PKRU.PKRU-Servie";
				PRODUCT_NAME = "$(TARGET_NAME)";
				SWIFT_VERSION = 3.0;
			};
			name = Debug;
		};
		996B3D821F2AE11C00A670ED /* Release */ = {
			isa = XCBuildConfiguration;
			buildSettings = {
				ASSETCATALOG_COMPILER_APPICON_NAME = AppIcon;
				INFOPLIST_FILE = "PKRU Servie/Info.plist";
				LD_RUNPATH_SEARCH_PATHS = "$(inherited) @executable_path/Frameworks";
				PRODUCT_BUNDLE_IDENTIFIER = "app.PKRU.PKRU-Servie";
				PRODUCT_NAME = "$(TARGET_NAME)";
				SWIFT_VERSION = 3.0;
			};
			name = Release;
		};
/* End XCBuildConfiguration section */

/* Begin XCConfigurationList section */
		996B3D691F2AE11C00A670ED /* Build configuration list for PBXProject "PKRU Servie" */ = {
			isa = XCConfigurationList;
			buildConfigurations = (
				996B3D7E1F2AE11C00A670ED /* Debug */,
				996B3D7F1F2AE11C00A670ED /* Release */,
			);
			defaultConfigurationIsVisible = 0;
			defaultConfigurationName = Release;
		};
		996B3D801F2AE11C00A670ED /* Build configuration list for PBXNativeTarget "PKRU Servie" */ = {
			isa = XCConfigurationList;
			buildConfigurations = (
				996B3D811F2AE11C00A670ED /* Debug */,
				996B3D821F2AE11C00A670ED /* Release */,
			);
			defaultConfigurationIsVisible = 0;
		};
/* End XCConfigurationList section */
	};
	rootObject = 996B3D661F2AE11C00A670ED /* Project object */;
}
